
Microsoft Visual Studio Solution File, Format Version 12.00
# Visual Studio Version 16
VisualStudioVersion = 16.0.31624.102
MinimumVisualStudioVersion = 10.0.40219.1
Project("{9A19103F-16F7-4668-BE54-9A1E7A4F7556}") = "Entidades", "Entidades.csproj", "{D3F1AD71-17ED-4942-B8D6-FCAC5833B24C}"
EndProject
Project("{9A19103F-16F7-4668-BE54-9A1E7A4F7556}") = "Parcial_LabProg2_JorgeRodrigoBogado", "..\Estacionamiento\Parcial_LabProg2_JorgeRodrigoBogado.csproj", "{EC0BB3DB-2E2A-4F6A-9337-C40A89302804}"
EndProject
Global
	GlobalSection(SolutionConfigurationPlatforms) = preSolution
		Debug|Any CPU = Debug|Any CPU
		Release|Any CPU = Release|Any CPU
	EndGlobalSection
	GlobalSection(ProjectConfigurationPlatforms) = postSolution
		{D3F1AD71-17ED-4942-B8D6-FCAC5833B24C}.Debug|Any CPU.ActiveCfg = Debug|Any CPU
		{D3F1AD71-17ED-4942-B8D6-FCAC5833B24C}.Debug|Any CPU.Build.0 = Debug|Any CPU
		{D3F1AD71-17ED-4942-B8D6-FCAC5833B24C}.Release|Any CPU.ActiveCfg = Release|Any CPU
		{D3F1AD71-17ED-4942-B8D6-FCAC5833B24C}.Release|Any CPU.Build.0 = Release|Any CPU
		{EC0BB3DB-2E2A-4F6A-9337-C40A89302804}.Debug|Any CPU.ActiveCfg = Debug|Any CPU
		{EC0BB3DB-2E2A-4F6A-9337-C40A89302804}.Debug|Any CPU.Build.0 = Debug|Any CPU
		{EC0BB3DB-2E2A-4F6A-9337-C40A89302804}.Release|Any CPU.ActiveCfg = Release|Any CPU
		{EC0BB3DB-2E2A-4F6A-9337-C40A89302804}.Release|Any CPU.Build.0 = Release|Any CPU
	EndGlobalSection
	GlobalSection(SolutionProperties) = preSolution
		HideSolutionNode = FALSE
	EndGlobalSection
	GlobalSection(ExtensibilityGlobals) = postSolution
		SolutionGuid = {4F2AB667-5DAC-44DC-B8C7-8F9286E24887}
	EndGlobalSection
EndGlobal
